// !$*UTF8*$!
{
	archiveVersion = 1;
	classes = {
	};
	objectVersion = 56;
	objects = {

/* Begin PBXBuildFile section */
		FE72502F2B064F4000068114 /* MapOptionsView.swift in Sources */ = {isa = PBXBuildFile; fileRef = FE72502E2B064F4000068114 /* MapOptionsView.swift */; };
		FE7250312B0652FC00068114 /* MapStatisticsView.swift in Sources */ = {isa = PBXBuildFile; fileRef = FE7250302B0652FC00068114 /* MapStatisticsView.swift */; };
		FE75A38F2B07BDF600FE3757 /* SlideOverCard.swift in Sources */ = {isa = PBXBuildFile; fileRef = FE75A38E2B07BDF600FE3757 /* SlideOverCard.swift */; };
		FE75A3912B07C2D100FE3757 /* Handle.swift in Sources */ = {isa = PBXBuildFile; fileRef = FE75A3902B07C2D100FE3757 /* Handle.swift */; };
		FE7E55162B057C6200521F39 /* CompassView.swift in Sources */ = {isa = PBXBuildFile; fileRef = FE7E55152B057C6200521F39 /* CompassView.swift */; };
		FE7E55182B057E3900521F39 /* Marker.swift in Sources */ = {isa = PBXBuildFile; fileRef = FE7E55172B057E3900521F39 /* Marker.swift */; };
		FE7E551C2B057F3B00521F39 /* CompassMarkerView.swift in Sources */ = {isa = PBXBuildFile; fileRef = FE7E551B2B057F3B00521F39 /* CompassMarkerView.swift */; };
		FE7E551E2B05851D00521F39 /* CompassManager.swift in Sources */ = {isa = PBXBuildFile; fileRef = FE7E551D2B05851D00521F39 /* CompassManager.swift */; };
		FEA559972B027C4500D0E3D8 /* LoginView.swift in Sources */ = {isa = PBXBuildFile; fileRef = FEA559962B027C4500D0E3D8 /* LoginView.swift */; };
		FEA559992B0284BC00D0E3D8 /* RegisterView.swift in Sources */ = {isa = PBXBuildFile; fileRef = FEA559982B0284BC00D0E3D8 /* RegisterView.swift */; };
		FEA5599B2B0284E500D0E3D8 /* LoginOrRegisterView.swift in Sources */ = {isa = PBXBuildFile; fileRef = FEA5599A2B0284E500D0E3D8 /* LoginOrRegisterView.swift */; };
		FEA5599D2B02C35200D0E3D8 /* MapView.swift in Sources */ = {isa = PBXBuildFile; fileRef = FEA5599C2B02C35200D0E3D8 /* MapView.swift */; };
		FEA559A12B02D5CD00D0E3D8 /* Location.swift in Sources */ = {isa = PBXBuildFile; fileRef = FEA559A02B02D5CD00D0E3D8 /* Location.swift */; };
		FEA559A32B02D62A00D0E3D8 /* LocationManager.swift in Sources */ = {isa = PBXBuildFile; fileRef = FEA559A22B02D62A00D0E3D8 /* LocationManager.swift */; };
		FEA559A52B02D92C00D0E3D8 /* LocationRequestView.swift in Sources */ = {isa = PBXBuildFile; fileRef = FEA559A42B02D92C00D0E3D8 /* LocationRequestView.swift */; };
		FEBE74532AF4E317005A98C0 /* NavigatorApp.swift in Sources */ = {isa = PBXBuildFile; fileRef = FEBE74522AF4E317005A98C0 /* NavigatorApp.swift */; };
		FEBE74552AF4E317005A98C0 /* ContentView.swift in Sources */ = {isa = PBXBuildFile; fileRef = FEBE74542AF4E317005A98C0 /* ContentView.swift */; };
		FEBE74572AF4E31A005A98C0 /* Assets.xcassets in Resources */ = {isa = PBXBuildFile; fileRef = FEBE74562AF4E31A005A98C0 /* Assets.xcassets */; };
		FEBE745B2AF4E31A005A98C0 /* Preview Assets.xcassets in Resources */ = {isa = PBXBuildFile; fileRef = FEBE745A2AF4E31A005A98C0 /* Preview Assets.xcassets */; };
		FEBE74652AF4E31A005A98C0 /* NavigatorTests.swift in Sources */ = {isa = PBXBuildFile; fileRef = FEBE74642AF4E31A005A98C0 /* NavigatorTests.swift */; };
		FEBE746F2AF4E31A005A98C0 /* NavigatorUITests.swift in Sources */ = {isa = PBXBuildFile; fileRef = FEBE746E2AF4E31A005A98C0 /* NavigatorUITests.swift */; };
		FEBE74712AF4E31A005A98C0 /* NavigatorUITestsLaunchTests.swift in Sources */ = {isa = PBXBuildFile; fileRef = FEBE74702AF4E31A005A98C0 /* NavigatorUITestsLaunchTests.swift */; };
/* End PBXBuildFile section */

/* Begin PBXContainerItemProxy section */
		FEBE74612AF4E31A005A98C0 /* PBXContainerItemProxy */ = {
			isa = PBXContainerItemProxy;
			containerPortal = FEBE74472AF4E317005A98C0 /* Project object */;
			proxyType = 1;
			remoteGlobalIDString = FEBE744E2AF4E317005A98C0;
			remoteInfo = Navigator;
		};
		FEBE746B2AF4E31A005A98C0 /* PBXContainerItemProxy */ = {
			isa = PBXContainerItemProxy;
			containerPortal = FEBE74472AF4E317005A98C0 /* Project object */;
			proxyType = 1;
			remoteGlobalIDString = FEBE744E2AF4E317005A98C0;
			remoteInfo = Navigator;
		};
/* End PBXContainerItemProxy section */

/* Begin PBXFileReference section */
		FE72502E2B064F4000068114 /* MapOptionsView.swift */ = {isa = PBXFileReference; lastKnownFileType = sourcecode.swift; path = MapOptionsView.swift; sourceTree = "<group>"; };
		FE7250302B0652FC00068114 /* MapStatisticsView.swift */ = {isa = PBXFileReference; lastKnownFileType = sourcecode.swift; path = MapStatisticsView.swift; sourceTree = "<group>"; };
		FE75A38E2B07BDF600FE3757 /* SlideOverCard.swift */ = {isa = PBXFileReference; lastKnownFileType = sourcecode.swift; path = SlideOverCard.swift; sourceTree = "<group>"; };
		FE75A3902B07C2D100FE3757 /* Handle.swift */ = {isa = PBXFileReference; lastKnownFileType = sourcecode.swift; path = Handle.swift; sourceTree = "<group>"; };
		FE7E55152B057C6200521F39 /* CompassView.swift */ = {isa = PBXFileReference; lastKnownFileType = sourcecode.swift; path = CompassView.swift; sourceTree = "<group>"; };
		FE7E55172B057E3900521F39 /* Marker.swift */ = {isa = PBXFileReference; lastKnownFileType = sourcecode.swift; path = Marker.swift; sourceTree = "<group>"; };
		FE7E551B2B057F3B00521F39 /* CompassMarkerView.swift */ = {isa = PBXFileReference; lastKnownFileType = sourcecode.swift; path = CompassMarkerView.swift; sourceTree = "<group>"; };
		FE7E551D2B05851D00521F39 /* CompassManager.swift */ = {isa = PBXFileReference; lastKnownFileType = sourcecode.swift; path = CompassManager.swift; sourceTree = "<group>"; };
		FEA559962B027C4500D0E3D8 /* LoginView.swift */ = {isa = PBXFileReference; lastKnownFileType = sourcecode.swift; path = LoginView.swift; sourceTree = "<group>"; };
		FEA559982B0284BC00D0E3D8 /* RegisterView.swift */ = {isa = PBXFileReference; lastKnownFileType = sourcecode.swift; path = RegisterView.swift; sourceTree = "<group>"; };
		FEA5599A2B0284E500D0E3D8 /* LoginOrRegisterView.swift */ = {isa = PBXFileReference; lastKnownFileType = sourcecode.swift; path = LoginOrRegisterView.swift; sourceTree = "<group>"; };
		FEA5599C2B02C35200D0E3D8 /* MapView.swift */ = {isa = PBXFileReference; lastKnownFileType = sourcecode.swift; path = MapView.swift; sourceTree = "<group>"; };
		FEA559A02B02D5CD00D0E3D8 /* Location.swift */ = {isa = PBXFileReference; lastKnownFileType = sourcecode.swift; path = Location.swift; sourceTree = "<group>"; };
		FEA559A22B02D62A00D0E3D8 /* LocationManager.swift */ = {isa = PBXFileReference; lastKnownFileType = sourcecode.swift; path = LocationManager.swift; sourceTree = "<group>"; };
		FEA559A42B02D92C00D0E3D8 /* LocationRequestView.swift */ = {isa = PBXFileReference; lastKnownFileType = sourcecode.swift; path = LocationRequestView.swift; sourceTree = "<group>"; };
		FEBE744F2AF4E317005A98C0 /* Navigator.app */ = {isa = PBXFileReference; explicitFileType = wrapper.application; includeInIndex = 0; path = Navigator.app; sourceTree = BUILT_PRODUCTS_DIR; };
		FEBE74522AF4E317005A98C0 /* NavigatorApp.swift */ = {isa = PBXFileReference; lastKnownFileType = sourcecode.swift; path = NavigatorApp.swift; sourceTree = "<group>"; };
		FEBE74542AF4E317005A98C0 /* ContentView.swift */ = {isa = PBXFileReference; lastKnownFileType = sourcecode.swift; path = ContentView.swift; sourceTree = "<group>"; };
		FEBE74562AF4E31A005A98C0 /* Assets.xcassets */ = {isa = PBXFileReference; lastKnownFileType = folder.assetcatalog; path = Assets.xcassets; sourceTree = "<group>"; };
		FEBE74582AF4E31A005A98C0 /* Navigator.entitlements */ = {isa = PBXFileReference; lastKnownFileType = text.plist.entitlements; path = Navigator.entitlements; sourceTree = "<group>"; };
		FEBE745A2AF4E31A005A98C0 /* Preview Assets.xcassets */ = {isa = PBXFileReference; lastKnownFileType = folder.assetcatalog; path = "Preview Assets.xcassets"; sourceTree = "<group>"; };
		FEBE74602AF4E31A005A98C0 /* NavigatorTests.xctest */ = {isa = PBXFileReference; explicitFileType = wrapper.cfbundle; includeInIndex = 0; path = NavigatorTests.xctest; sourceTree = BUILT_PRODUCTS_DIR; };
		FEBE74642AF4E31A005A98C0 /* NavigatorTests.swift */ = {isa = PBXFileReference; lastKnownFileType = sourcecode.swift; path = NavigatorTests.swift; sourceTree = "<group>"; };
		FEBE746A2AF4E31A005A98C0 /* NavigatorUITests.xctest */ = {isa = PBXFileReference; explicitFileType = wrapper.cfbundle; includeInIndex = 0; path = NavigatorUITests.xctest; sourceTree = BUILT_PRODUCTS_DIR; };
		FEBE746E2AF4E31A005A98C0 /* NavigatorUITests.swift */ = {isa = PBXFileReference; lastKnownFileType = sourcecode.swift; path = NavigatorUITests.swift; sourceTree = "<group>"; };
		FEBE74702AF4E31A005A98C0 /* NavigatorUITestsLaunchTests.swift */ = {isa = PBXFileReference; lastKnownFileType = sourcecode.swift; path = NavigatorUITestsLaunchTests.swift; sourceTree = "<group>"; };
/* End PBXFileReference section */

/* Begin PBXFrameworksBuildPhase section */
		FEBE744C2AF4E317005A98C0 /* Frameworks */ = {
			isa = PBXFrameworksBuildPhase;
			buildActionMask = 2147483647;
			files = (
			);
			runOnlyForDeploymentPostprocessing = 0;
		};
		FEBE745D2AF4E31A005A98C0 /* Frameworks */ = {
			isa = PBXFrameworksBuildPhase;
			buildActionMask = 2147483647;
			files = (
			);
			runOnlyForDeploymentPostprocessing = 0;
		};
		FEBE74672AF4E31A005A98C0 /* Frameworks */ = {
			isa = PBXFrameworksBuildPhase;
			buildActionMask = 2147483647;
			files = (
			);
			runOnlyForDeploymentPostprocessing = 0;
		};
/* End PBXFrameworksBuildPhase section */

/* Begin PBXGroup section */
		FE3A12622B0C8D02005474F8 /* BusinessLogic */ = {
			isa = PBXGroup;
			children = (
				FEA559A22B02D62A00D0E3D8 /* LocationManager.swift */,
				FE7E551D2B05851D00521F39 /* CompassManager.swift */,
			);
			path = BusinessLogic;
			sourceTree = "<group>";
		};
		FE3A12632B0C8D44005474F8 /* Views */ = {
			isa = PBXGroup;
			children = (
				FEBE74542AF4E317005A98C0 /* ContentView.swift */,
				FEA559962B027C4500D0E3D8 /* LoginView.swift */,
				FEA559982B0284BC00D0E3D8 /* RegisterView.swift */,
				FEA5599A2B0284E500D0E3D8 /* LoginOrRegisterView.swift */,
				FEA559A42B02D92C00D0E3D8 /* LocationRequestView.swift */,
				FEA5599C2B02C35200D0E3D8 /* MapView.swift */,
			);
			path = Views;
			sourceTree = "<group>";
		};
		FE3A12642B0C8D4C005474F8 /* Components */ = {
			isa = PBXGroup;
			children = (
				FE7E55152B057C6200521F39 /* CompassView.swift */,
				FE7E55172B057E3900521F39 /* Marker.swift */,
				FE7E551B2B057F3B00521F39 /* CompassMarkerView.swift */,
				FE72502E2B064F4000068114 /* MapOptionsView.swift */,
				FE7250302B0652FC00068114 /* MapStatisticsView.swift */,
				FE75A38E2B07BDF600FE3757 /* SlideOverCard.swift */,
				FE75A3902B07C2D100FE3757 /* Handle.swift */,
			);
			path = Components;
			sourceTree = "<group>";
		};
		FEBE74462AF4E317005A98C0 = {
			isa = PBXGroup;
			children = (
				FEBE74512AF4E317005A98C0 /* Navigator */,
				FEBE74632AF4E31A005A98C0 /* NavigatorTests */,
				FEBE746D2AF4E31A005A98C0 /* NavigatorUITests */,
				FEBE74502AF4E317005A98C0 /* Products */,
			);
			sourceTree = "<group>";
		};
		FEBE74502AF4E317005A98C0 /* Products */ = {
			isa = PBXGroup;
			children = (
				FEBE744F2AF4E317005A98C0 /* Navigator.app */,
				FEBE74602AF4E31A005A98C0 /* NavigatorTests.xctest */,
				FEBE746A2AF4E31A005A98C0 /* NavigatorUITests.xctest */,
			);
			name = Products;
			sourceTree = "<group>";
		};
		FEBE74512AF4E317005A98C0 /* Navigator */ = {
			isa = PBXGroup;
			children = (
				FE3A12642B0C8D4C005474F8 /* Components */,
				FE3A12632B0C8D44005474F8 /* Views */,
				FE3A12622B0C8D02005474F8 /* BusinessLogic */,
				FEBE74522AF4E317005A98C0 /* NavigatorApp.swift */,
				FEBE74562AF4E31A005A98C0 /* Assets.xcassets */,
				FEBE74582AF4E31A005A98C0 /* Navigator.entitlements */,
				FEBE74592AF4E31A005A98C0 /* Preview Content */,
				FEA559A02B02D5CD00D0E3D8 /* Location.swift */,
			);
			path = Navigator;
			sourceTree = "<group>";
		};
		FEBE74592AF4E31A005A98C0 /* Preview Content */ = {
			isa = PBXGroup;
			children = (
				FEBE745A2AF4E31A005A98C0 /* Preview Assets.xcassets */,
			);
			path = "Preview Content";
			sourceTree = "<group>";
		};
		FEBE74632AF4E31A005A98C0 /* NavigatorTests */ = {
			isa = PBXGroup;
			children = (
				FEBE74642AF4E31A005A98C0 /* NavigatorTests.swift */,
			);
			path = NavigatorTests;
			sourceTree = "<group>";
		};
		FEBE746D2AF4E31A005A98C0 /* NavigatorUITests */ = {
			isa = PBXGroup;
			children = (
				FEBE746E2AF4E31A005A98C0 /* NavigatorUITests.swift */,
				FEBE74702AF4E31A005A98C0 /* NavigatorUITestsLaunchTests.swift */,
			);
			path = NavigatorUITests;
			sourceTree = "<group>";
		};
/* End PBXGroup section */

/* Begin PBXNativeTarget section */
		FEBE744E2AF4E317005A98C0 /* Navigator */ = {
			isa = PBXNativeTarget;
			buildConfigurationList = FEBE74742AF4E31A005A98C0 /* Build configuration list for PBXNativeTarget "Navigator" */;
			buildPhases = (
				FEBE744B2AF4E317005A98C0 /* Sources */,
				FEBE744C2AF4E317005A98C0 /* Frameworks */,
				FEBE744D2AF4E317005A98C0 /* Resources */,
			);
			buildRules = (
			);
			dependencies = (
			);
			name = Navigator;
			productName = Navigator;
			productReference = FEBE744F2AF4E317005A98C0 /* Navigator.app */;
			productType = "com.apple.product-type.application";
		};
		FEBE745F2AF4E31A005A98C0 /* NavigatorTests */ = {
			isa = PBXNativeTarget;
			buildConfigurationList = FEBE74772AF4E31A005A98C0 /* Build configuration list for PBXNativeTarget "NavigatorTests" */;
			buildPhases = (
				FEBE745C2AF4E31A005A98C0 /* Sources */,
				FEBE745D2AF4E31A005A98C0 /* Frameworks */,
				FEBE745E2AF4E31A005A98C0 /* Resources */,
			);
			buildRules = (
			);
			dependencies = (
				FEBE74622AF4E31A005A98C0 /* PBXTargetDependency */,
			);
			name = NavigatorTests;
			productName = NavigatorTests;
			productReference = FEBE74602AF4E31A005A98C0 /* NavigatorTests.xctest */;
			productType = "com.apple.product-type.bundle.unit-test";
		};
		FEBE74692AF4E31A005A98C0 /* NavigatorUITests */ = {
			isa = PBXNativeTarget;
			buildConfigurationList = FEBE747A2AF4E31A005A98C0 /* Build configuration list for PBXNativeTarget "NavigatorUITests" */;
			buildPhases = (
				FEBE74662AF4E31A005A98C0 /* Sources */,
				FEBE74672AF4E31A005A98C0 /* Frameworks */,
				FEBE74682AF4E31A005A98C0 /* Resources */,
			);
			buildRules = (
			);
			dependencies = (
				FEBE746C2AF4E31A005A98C0 /* PBXTargetDependency */,
			);
			name = NavigatorUITests;
			productName = NavigatorUITests;
			productReference = FEBE746A2AF4E31A005A98C0 /* NavigatorUITests.xctest */;
			productType = "com.apple.product-type.bundle.ui-testing";
		};
/* End PBXNativeTarget section */

/* Begin PBXProject section */
		FEBE74472AF4E317005A98C0 /* Project object */ = {
			isa = PBXProject;
			attributes = {
				BuildIndependentTargetsInParallel = 1;
				LastSwiftUpdateCheck = 1500;
				LastUpgradeCheck = 1500;
				TargetAttributes = {
					FEBE744E2AF4E317005A98C0 = {
						CreatedOnToolsVersion = 15.0.1;
					};
					FEBE745F2AF4E31A005A98C0 = {
						CreatedOnToolsVersion = 15.0.1;
						TestTargetID = FEBE744E2AF4E317005A98C0;
					};
					FEBE74692AF4E31A005A98C0 = {
						CreatedOnToolsVersion = 15.0.1;
						TestTargetID = FEBE744E2AF4E317005A98C0;
					};
				};
			};
			buildConfigurationList = FEBE744A2AF4E317005A98C0 /* Build configuration list for PBXProject "Navigator" */;
			compatibilityVersion = "Xcode 14.0";
			developmentRegion = en;
			hasScannedForEncodings = 0;
			knownRegions = (
				en,
				Base,
			);
			mainGroup = FEBE74462AF4E317005A98C0;
			productRefGroup = FEBE74502AF4E317005A98C0 /* Products */;
			projectDirPath = "";
			projectRoot = "";
			targets = (
				FEBE744E2AF4E317005A98C0 /* Navigator */,
				FEBE745F2AF4E31A005A98C0 /* NavigatorTests */,
				FEBE74692AF4E31A005A98C0 /* NavigatorUITests */,
			);
		};
/* End PBXProject section */

/* Begin PBXResourcesBuildPhase section */
		FEBE744D2AF4E317005A98C0 /* Resources */ = {
			isa = PBXResourcesBuildPhase;
			buildActionMask = 2147483647;
			files = (
				FEBE745B2AF4E31A005A98C0 /* Preview Assets.xcassets in Resources */,
				FEBE74572AF4E31A005A98C0 /* Assets.xcassets in Resources */,
			);
			runOnlyForDeploymentPostprocessing = 0;
		};
		FEBE745E2AF4E31A005A98C0 /* Resources */ = {
			isa = PBXResourcesBuildPhase;
			buildActionMask = 2147483647;
			files = (
			);
			runOnlyForDeploymentPostprocessing = 0;
		};
		FEBE74682AF4E31A005A98C0 /* Resources */ = {
			isa = PBXResourcesBuildPhase;
			buildActionMask = 2147483647;
			files = (
			);
			runOnlyForDeploymentPostprocessing = 0;
		};
/* End PBXResourcesBuildPhase section */

/* Begin PBXSourcesBuildPhase section */
		FEBE744B2AF4E317005A98C0 /* Sources */ = {
			isa = PBXSourcesBuildPhase;
			buildActionMask = 2147483647;
			files = (
				FEA5599D2B02C35200D0E3D8 /* MapView.swift in Sources */,
				FE7250312B0652FC00068114 /* MapStatisticsView.swift in Sources */,
				FEBE74552AF4E317005A98C0 /* ContentView.swift in Sources */,
				FEA559A12B02D5CD00D0E3D8 /* Location.swift in Sources */,
				FE7E551C2B057F3B00521F39 /* CompassMarkerView.swift in Sources */,
				FEA559A52B02D92C00D0E3D8 /* LocationRequestView.swift in Sources */,
				FE7E55162B057C6200521F39 /* CompassView.swift in Sources */,
				FE7E55182B057E3900521F39 /* Marker.swift in Sources */,
				FEA559992B0284BC00D0E3D8 /* RegisterView.swift in Sources */,
				FE72502F2B064F4000068114 /* MapOptionsView.swift in Sources */,
				FEA5599B2B0284E500D0E3D8 /* LoginOrRegisterView.swift in Sources */,
				FE75A3912B07C2D100FE3757 /* Handle.swift in Sources */,
				FEBE74532AF4E317005A98C0 /* NavigatorApp.swift in Sources */,
				FEA559972B027C4500D0E3D8 /* LoginView.swift in Sources */,
				FE75A38F2B07BDF600FE3757 /* SlideOverCard.swift in Sources */,
				FE7E551E2B05851D00521F39 /* CompassManager.swift in Sources */,
				FEA559A32B02D62A00D0E3D8 /* LocationManager.swift in Sources */,
			);
			runOnlyForDeploymentPostprocessing = 0;
		};
		FEBE745C2AF4E31A005A98C0 /* Sources */ = {
			isa = PBXSourcesBuildPhase;
			buildActionMask = 2147483647;
			files = (
				FEBE74652AF4E31A005A98C0 /* NavigatorTests.swift in Sources */,
			);
			runOnlyForDeploymentPostprocessing = 0;
		};
		FEBE74662AF4E31A005A98C0 /* Sources */ = {
			isa = PBXSourcesBuildPhase;
			buildActionMask = 2147483647;
			files = (
				FEBE74712AF4E31A005A98C0 /* NavigatorUITestsLaunchTests.swift in Sources */,
				FEBE746F2AF4E31A005A98C0 /* NavigatorUITests.swift in Sources */,
			);
			runOnlyForDeploymentPostprocessing = 0;
		};
/* End PBXSourcesBuildPhase section */

/* Begin PBXTargetDependency section */
		FEBE74622AF4E31A005A98C0 /* PBXTargetDependency */ = {
			isa = PBXTargetDependency;
			target = FEBE744E2AF4E317005A98C0 /* Navigator */;
			targetProxy = FEBE74612AF4E31A005A98C0 /* PBXContainerItemProxy */;
		};
		FEBE746C2AF4E31A005A98C0 /* PBXTargetDependency */ = {
			isa = PBXTargetDependency;
			target = FEBE744E2AF4E317005A98C0 /* Navigator */;
			targetProxy = FEBE746B2AF4E31A005A98C0 /* PBXContainerItemProxy */;
		};
/* End PBXTargetDependency section */

/* Begin XCBuildConfiguration section */
		FEBE74722AF4E31A005A98C0 /* Debug */ = {
			isa = XCBuildConfiguration;
			buildSettings = {
				ALWAYS_SEARCH_USER_PATHS = NO;
				ASSETCATALOG_COMPILER_GENERATE_SWIFT_ASSET_SYMBOL_EXTENSIONS = YES;
				CLANG_ANALYZER_NONNULL = YES;
				CLANG_ANALYZER_NUMBER_OBJECT_CONVERSION = YES_AGGRESSIVE;
				CLANG_CXX_LANGUAGE_STANDARD = "gnu++20";
				CLANG_ENABLE_MODULES = YES;
				CLANG_ENABLE_OBJC_ARC = YES;
				CLANG_ENABLE_OBJC_WEAK = YES;
				CLANG_WARN_BLOCK_CAPTURE_AUTORELEASING = YES;
				CLANG_WARN_BOOL_CONVERSION = YES;
				CLANG_WARN_COMMA = YES;
				CLANG_WARN_CONSTANT_CONVERSION = YES;
				CLANG_WARN_DEPRECATED_OBJC_IMPLEMENTATIONS = YES;
				CLANG_WARN_DIRECT_OBJC_ISA_USAGE = YES_ERROR;
				CLANG_WARN_DOCUMENTATION_COMMENTS = YES;
				CLANG_WARN_EMPTY_BODY = YES;
				CLANG_WARN_ENUM_CONVERSION = YES;
				CLANG_WARN_INFINITE_RECURSION = YES;
				CLANG_WARN_INT_CONVERSION = YES;
				CLANG_WARN_NON_LITERAL_NULL_CONVERSION = YES;
				CLANG_WARN_OBJC_IMPLICIT_RETAIN_SELF = YES;
				CLANG_WARN_OBJC_LITERAL_CONVERSION = YES;
				CLANG_WARN_OBJC_ROOT_CLASS = YES_ERROR;
				CLANG_WARN_QUOTED_INCLUDE_IN_FRAMEWORK_HEADER = YES;
				CLANG_WARN_RANGE_LOOP_ANALYSIS = YES;
				CLANG_WARN_STRICT_PROTOTYPES = YES;
				CLANG_WARN_SUSPICIOUS_MOVE = YES;
				CLANG_WARN_UNGUARDED_AVAILABILITY = YES_AGGRESSIVE;
				CLANG_WARN_UNREACHABLE_CODE = YES;
				CLANG_WARN__DUPLICATE_METHOD_MATCH = YES;
				COPY_PHASE_STRIP = NO;
				DEBUG_INFORMATION_FORMAT = dwarf;
				ENABLE_STRICT_OBJC_MSGSEND = YES;
				ENABLE_TESTABILITY = YES;
				ENABLE_USER_SCRIPT_SANDBOXING = YES;
				GCC_C_LANGUAGE_STANDARD = gnu17;
				GCC_DYNAMIC_NO_PIC = NO;
				GCC_NO_COMMON_BLOCKS = YES;
				GCC_OPTIMIZATION_LEVEL = 0;
				GCC_PREPROCESSOR_DEFINITIONS = (
					"DEBUG=1",
					"$(inherited)",
				);
				GCC_WARN_64_TO_32_BIT_CONVERSION = YES;
				GCC_WARN_ABOUT_RETURN_TYPE = YES_ERROR;
				GCC_WARN_UNDECLARED_SELECTOR = YES;
				GCC_WARN_UNINITIALIZED_AUTOS = YES_AGGRESSIVE;
				GCC_WARN_UNUSED_FUNCTION = YES;
				GCC_WARN_UNUSED_VARIABLE = YES;
				LOCALIZATION_PREFERS_STRING_CATALOGS = YES;
				MTL_ENABLE_DEBUG_INFO = INCLUDE_SOURCE;
				MTL_FAST_MATH = YES;
				ONLY_ACTIVE_ARCH = YES;
				SWIFT_ACTIVE_COMPILATION_CONDITIONS = "DEBUG $(inherited)";
				SWIFT_OPTIMIZATION_LEVEL = "-Onone";
			};
			name = Debug;
		};
		FEBE74732AF4E31A005A98C0 /* Release */ = {
			isa = XCBuildConfiguration;
			buildSettings = {
				ALWAYS_SEARCH_USER_PATHS = NO;
				ASSETCATALOG_COMPILER_GENERATE_SWIFT_ASSET_SYMBOL_EXTENSIONS = YES;
				CLANG_ANALYZER_NONNULL = YES;
				CLANG_ANALYZER_NUMBER_OBJECT_CONVERSION = YES_AGGRESSIVE;
				CLANG_CXX_LANGUAGE_STANDARD = "gnu++20";
				CLANG_ENABLE_MODULES = YES;
				CLANG_ENABLE_OBJC_ARC = YES;
				CLANG_ENABLE_OBJC_WEAK = YES;
				CLANG_WARN_BLOCK_CAPTURE_AUTORELEASING = YES;
				CLANG_WARN_BOOL_CONVERSION = YES;
				CLANG_WARN_COMMA = YES;
				CLANG_WARN_CONSTANT_CONVERSION = YES;
				CLANG_WARN_DEPRECATED_OBJC_IMPLEMENTATIONS = YES;
				CLANG_WARN_DIRECT_OBJC_ISA_USAGE = YES_ERROR;
				CLANG_WARN_DOCUMENTATION_COMMENTS = YES;
				CLANG_WARN_EMPTY_BODY = YES;
				CLANG_WARN_ENUM_CONVERSION = YES;
				CLANG_WARN_INFINITE_RECURSION = YES;
				CLANG_WARN_INT_CONVERSION = YES;
				CLANG_WARN_NON_LITERAL_NULL_CONVERSION = YES;
				CLANG_WARN_OBJC_IMPLICIT_RETAIN_SELF = YES;
				CLANG_WARN_OBJC_LITERAL_CONVERSION = YES;
				CLANG_WARN_OBJC_ROOT_CLASS = YES_ERROR;
				CLANG_WARN_QUOTED_INCLUDE_IN_FRAMEWORK_HEADER = YES;
				CLANG_WARN_RANGE_LOOP_ANALYSIS = YES;
				CLANG_WARN_STRICT_PROTOTYPES = YES;
				CLANG_WARN_SUSPICIOUS_MOVE = YES;
				CLANG_WARN_UNGUARDED_AVAILABILITY = YES_AGGRESSIVE;
				CLANG_WARN_UNREACHABLE_CODE = YES;
				CLANG_WARN__DUPLICATE_METHOD_MATCH = YES;
				COPY_PHASE_STRIP = NO;
				DEBUG_INFORMATION_FORMAT = "dwarf-with-dsym";
				ENABLE_NS_ASSERTIONS = NO;
				ENABLE_STRICT_OBJC_MSGSEND = YES;
				ENABLE_USER_SCRIPT_SANDBOXING = YES;
				GCC_C_LANGUAGE_STANDARD = gnu17;
				GCC_NO_COMMON_BLOCKS = YES;
				GCC_WARN_64_TO_32_BIT_CONVERSION = YES;
				GCC_WARN_ABOUT_RETURN_TYPE = YES_ERROR;
				GCC_WARN_UNDECLARED_SELECTOR = YES;
				GCC_WARN_UNINITIALIZED_AUTOS = YES_AGGRESSIVE;
				GCC_WARN_UNUSED_FUNCTION = YES;
				GCC_WARN_UNUSED_VARIABLE = YES;
				LOCALIZATION_PREFERS_STRING_CATALOGS = YES;
				MTL_ENABLE_DEBUG_INFO = NO;
				MTL_FAST_MATH = YES;
				SWIFT_COMPILATION_MODE = wholemodule;
			};
			name = Release;
		};
		FEBE74752AF4E31A005A98C0 /* Debug */ = {
			isa = XCBuildConfiguration;
			buildSettings = {
				ASSETCATALOG_COMPILER_APPICON_NAME = AppIcon;
				ASSETCATALOG_COMPILER_GLOBAL_ACCENT_COLOR_NAME = AccentColor;
				CODE_SIGN_ENTITLEMENTS = Navigator/Navigator.entitlements;
				CODE_SIGN_STYLE = Automatic;
				CURRENT_PROJECT_VERSION = 1;
				DEVELOPMENT_ASSET_PATHS = "\"Navigator/Preview Content\"";
				DEVELOPMENT_TEAM = 2US4L4HG86;
				ENABLE_HARDENED_RUNTIME = YES;
				ENABLE_PREVIEWS = YES;
				GENERATE_INFOPLIST_FILE = YES;
				INFOPLIST_KEY_NSLocationWhenInUseUsageDescription = "Please share your location with us";
				"INFOPLIST_KEY_UIApplicationSceneManifest_Generation[sdk=iphoneos*]" = YES;
				"INFOPLIST_KEY_UIApplicationSceneManifest_Generation[sdk=iphonesimulator*]" = YES;
				"INFOPLIST_KEY_UIApplicationSupportsIndirectInputEvents[sdk=iphoneos*]" = YES;
				"INFOPLIST_KEY_UIApplicationSupportsIndirectInputEvents[sdk=iphonesimulator*]" = YES;
				"INFOPLIST_KEY_UILaunchScreen_Generation[sdk=iphoneos*]" = YES;
				"INFOPLIST_KEY_UILaunchScreen_Generation[sdk=iphonesimulator*]" = YES;
				"INFOPLIST_KEY_UIStatusBarStyle[sdk=iphoneos*]" = UIStatusBarStyleDefault;
				"INFOPLIST_KEY_UIStatusBarStyle[sdk=iphonesimulator*]" = UIStatusBarStyleDefault;
				INFOPLIST_KEY_UISupportedInterfaceOrientations_iPad = "UIInterfaceOrientationPortrait UIInterfaceOrientationPortraitUpsideDown UIInterfaceOrientationLandscapeLeft UIInterfaceOrientationLandscapeRight";
				INFOPLIST_KEY_UISupportedInterfaceOrientations_iPhone = "UIInterfaceOrientationPortrait UIInterfaceOrientationLandscapeLeft UIInterfaceOrientationLandscapeRight";
				IPHONEOS_DEPLOYMENT_TARGET = 17.0;
				LD_RUNPATH_SEARCH_PATHS = "@executable_path/Frameworks";
				"LD_RUNPATH_SEARCH_PATHS[sdk=macosx*]" = "@executable_path/../Frameworks";
				MACOSX_DEPLOYMENT_TARGET = 13.5;
				MARKETING_VERSION = 1.0;
				PRODUCT_BUNDLE_IDENTIFIER = ee.taltech.josill.Navigator;
				PRODUCT_NAME = "$(TARGET_NAME)";
				SDKROOT = auto;
				SUPPORTED_PLATFORMS = "iphoneos iphonesimulator";
				SUPPORTS_MACCATALYST = NO;
				SWIFT_EMIT_LOC_STRINGS = YES;
				SWIFT_VERSION = 5.0;
				TARGETED_DEVICE_FAMILY = "1,2";
			};
			name = Debug;
		};
		FEBE74762AF4E31A005A98C0 /* Release */ = {
			isa = XCBuildConfiguration;
			buildSettings = {
				ASSETCATALOG_COMPILER_APPICON_NAME = AppIcon;
				ASSETCATALOG_COMPILER_GLOBAL_ACCENT_COLOR_NAME = AccentColor;
				CODE_SIGN_ENTITLEMENTS = Navigator/Navigator.entitlements;
				CODE_SIGN_STYLE = Automatic;
				CURRENT_PROJECT_VERSION = 1;
				DEVELOPMENT_ASSET_PATHS = "\"Navigator/Preview Content\"";
				DEVELOPMENT_TEAM = 2US4L4HG86;
				ENABLE_HARDENED_RUNTIME = YES;
				ENABLE_PREVIEWS = YES;
				GENERATE_INFOPLIST_FILE = YES;
				INFOPLIST_KEY_NSLocationWhenInUseUsageDescription = "Please share your location with us";
				"INFOPLIST_KEY_UIApplicationSceneManifest_Generation[sdk=iphoneos*]" = YES;
				"INFOPLIST_KEY_UIApplicationSceneManifest_Generation[sdk=iphonesimulator*]" = YES;
				"INFOPLIST_KEY_UIApplicationSupportsIndirectInputEvents[sdk=iphoneos*]" = YES;
				"INFOPLIST_KEY_UIApplicationSupportsIndirectInputEvents[sdk=iphonesimulator*]" = YES;
				"INFOPLIST_KEY_UILaunchScreen_Generation[sdk=iphoneos*]" = YES;
				"INFOPLIST_KEY_UILaunchScreen_Generation[sdk=iphonesimulator*]" = YES;
				"INFOPLIST_KEY_UIStatusBarStyle[sdk=iphoneos*]" = UIStatusBarStyleDefault;
				"INFOPLIST_KEY_UIStatusBarStyle[sdk=iphonesimulator*]" = UIStatusBarStyleDefault;
				INFOPLIST_KEY_UISupportedInterfaceOrientations_iPad = "UIInterfaceOrientationPortrait UIInterfaceOrientationPortraitUpsideDown UIInterfaceOrientationLandscapeLeft UIInterfaceOrientationLandscapeRight";
				INFOPLIST_KEY_UISupportedInterfaceOrientations_iPhone = "UIInterfaceOrientationPortrait UIInterfaceOrientationLandscapeLeft UIInterfaceOrientationLandscapeRight";
				IPHONEOS_DEPLOYMENT_TARGET = 17.0;
				LD_RUNPATH_SEARCH_PATHS = "@executable_path/Frameworks";
				"LD_RUNPATH_SEARCH_PATHS[sdk=macosx*]" = "@executable_path/../Frameworks";
				MACOSX_DEPLOYMENT_TARGET = 13.5;
				MARKETING_VERSION = 1.0;
				PRODUCT_BUNDLE_IDENTIFIER = ee.taltech.josill.Navigator;
				PRODUCT_NAME = "$(TARGET_NAME)";
				SDKROOT = auto;
				SUPPORTED_PLATFORMS = "iphoneos iphonesimulator";
				SUPPORTS_MACCATALYST = NO;
				SWIFT_EMIT_LOC_STRINGS = YES;
				SWIFT_VERSION = 5.0;
				TARGETED_DEVICE_FAMILY = "1,2";
			};
			name = Release;
		};
		FEBE74782AF4E31A005A98C0 /* Debug */ = {
			isa = XCBuildConfiguration;
			buildSettings = {
				ALWAYS_EMBED_SWIFT_STANDARD_LIBRARIES = YES;
				BUNDLE_LOADER = "$(TEST_HOST)";
				CODE_SIGN_STYLE = Automatic;
				CURRENT_PROJECT_VERSION = 1;
				DEVELOPMENT_TEAM = 2US4L4HG86;
				GENERATE_INFOPLIST_FILE = YES;
				IPHONEOS_DEPLOYMENT_TARGET = 17.0;
				MACOSX_DEPLOYMENT_TARGET = 13.5;
				MARKETING_VERSION = 1.0;
				PRODUCT_BUNDLE_IDENTIFIER = ee.taltech.josill.NavigatorTests;
				PRODUCT_NAME = "$(TARGET_NAME)";
				SDKROOT = auto;
				SUPPORTED_PLATFORMS = "iphoneos iphonesimulator macosx";
				SWIFT_EMIT_LOC_STRINGS = NO;
				SWIFT_VERSION = 5.0;
				TARGETED_DEVICE_FAMILY = "1,2";
				TEST_HOST = "$(BUILT_PRODUCTS_DIR)/Navigator.app/$(BUNDLE_EXECUTABLE_FOLDER_PATH)/Navigator";
			};
			name = Debug;
		};
		FEBE74792AF4E31A005A98C0 /* Release */ = {
			isa = XCBuildConfiguration;
			buildSettings = {
				ALWAYS_EMBED_SWIFT_STANDARD_LIBRARIES = YES;
				BUNDLE_LOADER = "$(TEST_HOST)";
				CODE_SIGN_STYLE = Automatic;
				CURRENT_PROJECT_VERSION = 1;
				DEVELOPMENT_TEAM = 2US4L4HG86;
				GENERATE_INFOPLIST_FILE = YES;
				IPHONEOS_DEPLOYMENT_TARGET = 17.0;
				MACOSX_DEPLOYMENT_TARGET = 13.5;
				MARKETING_VERSION = 1.0;
				PRODUCT_BUNDLE_IDENTIFIER = ee.taltech.josill.NavigatorTests;
				PRODUCT_NAME = "$(TARGET_NAME)";
				SDKROOT = auto;
				SUPPORTED_PLATFORMS = "iphoneos iphonesimulator macosx";
				SWIFT_EMIT_LOC_STRINGS = NO;
				SWIFT_VERSION = 5.0;
				TARGETED_DEVICE_FAMILY = "1,2";
				TEST_HOST = "$(BUILT_PRODUCTS_DIR)/Navigator.app/$(BUNDLE_EXECUTABLE_FOLDER_PATH)/Navigator";
			};
			name = Release;
		};
		FEBE747B2AF4E31A005A98C0 /* Debug */ = {
			isa = XCBuildConfiguration;
			buildSettings = {
				ALWAYS_EMBED_SWIFT_STANDARD_LIBRARIES = YES;
				CODE_SIGN_STYLE = Automatic;
				CURRENT_PROJECT_VERSION = 1;
				DEVELOPMENT_TEAM = 2US4L4HG86;
				GENERATE_INFOPLIST_FILE = YES;
				IPHONEOS_DEPLOYMENT_TARGET = 17.0;
				MACOSX_DEPLOYMENT_TARGET = 13.5;
				MARKETING_VERSION = 1.0;
				PRODUCT_BUNDLE_IDENTIFIER = ee.taltech.josill.NavigatorUITests;
				PRODUCT_NAME = "$(TARGET_NAME)";
				SDKROOT = auto;
				SUPPORTED_PLATFORMS = "iphoneos iphonesimulator macosx";
				SWIFT_EMIT_LOC_STRINGS = NO;
				SWIFT_VERSION = 5.0;
				TARGETED_DEVICE_FAMILY = "1,2";
				TEST_TARGET_NAME = Navigator;
			};
			name = Debug;
		};
		FEBE747C2AF4E31A005A98C0 /* Release */ = {
			isa = XCBuildConfiguration;
			buildSettings = {
				ALWAYS_EMBED_SWIFT_STANDARD_LIBRARIES = YES;
				CODE_SIGN_STYLE = Automatic;
				CURRENT_PROJECT_VERSION = 1;
				DEVELOPMENT_TEAM = 2US4L4HG86;
				GENERATE_INFOPLIST_FILE = YES;
				IPHONEOS_DEPLOYMENT_TARGET = 17.0;
				MACOSX_DEPLOYMENT_TARGET = 13.5;
				MARKETING_VERSION = 1.0;
				PRODUCT_BUNDLE_IDENTIFIER = ee.taltech.josill.NavigatorUITests;
				PRODUCT_NAME = "$(TARGET_NAME)";
				SDKROOT = auto;
				SUPPORTED_PLATFORMS = "iphoneos iphonesimulator macosx";
				SWIFT_EMIT_LOC_STRINGS = NO;
				SWIFT_VERSION = 5.0;
				TARGETED_DEVICE_FAMILY = "1,2";
				TEST_TARGET_NAME = Navigator;
			};
			name = Release;
		};
/* End XCBuildConfiguration section */

/* Begin XCConfigurationList section */
		FEBE744A2AF4E317005A98C0 /* Build configuration list for PBXProject "Navigator" */ = {
			isa = XCConfigurationList;
			buildConfigurations = (
				FEBE74722AF4E31A005A98C0 /* Debug */,
				FEBE74732AF4E31A005A98C0 /* Release */,
			);
			defaultConfigurationIsVisible = 0;
			defaultConfigurationName = Release;
		};
		FEBE74742AF4E31A005A98C0 /* Build configuration list for PBXNativeTarget "Navigator" */ = {
			isa = XCConfigurationList;
			buildConfigurations = (
				FEBE74752AF4E31A005A98C0 /* Debug */,
				FEBE74762AF4E31A005A98C0 /* Release */,
			);
			defaultConfigurationIsVisible = 0;
			defaultConfigurationName = Release;
		};
		FEBE74772AF4E31A005A98C0 /* Build configuration list for PBXNativeTarget "NavigatorTests" */ = {
			isa = XCConfigurationList;
			buildConfigurations = (
				FEBE74782AF4E31A005A98C0 /* Debug */,
				FEBE74792AF4E31A005A98C0 /* Release */,
			);
			defaultConfigurationIsVisible = 0;
			defaultConfigurationName = Release;
		};
		FEBE747A2AF4E31A005A98C0 /* Build configuration list for PBXNativeTarget "NavigatorUITests" */ = {
			isa = XCConfigurationList;
			buildConfigurations = (
				FEBE747B2AF4E31A005A98C0 /* Debug */,
				FEBE747C2AF4E31A005A98C0 /* Release */,
			);
			defaultConfigurationIsVisible = 0;
			defaultConfigurationName = Release;
		};
/* End XCConfigurationList section */
	};
	rootObject = FEBE74472AF4E317005A98C0 /* Project object */;
}
